
Microsoft Visual Studio Solution File, Format Version 12.00
# Visual Studio 15
VisualStudioVersion = 15.0.27004.2010
MinimumVisualStudioVersion = 10.0.40219.1
Project("{FAE04EC0-301F-11D3-BF4B-00C04F79EFBC}") = "RiojaDotNet", "RiojaDotNet\RiojaDotNet.csproj", "{973D3E16-D7C6-4A9D-B946-7E3B8CC73514}"
EndProject
Global
	GlobalSection(SolutionConfigurationPlatforms) = preSolution
		Debug|Any CPU = Debug|Any CPU
		Release|Any CPU = Release|Any CPU
	EndGlobalSection
	GlobalSection(ProjectConfigurationPlatforms) = postSolution
		{973D3E16-D7C6-4A9D-B946-7E3B8CC73514}.Debug|Any CPU.ActiveCfg = Debug|Any CPU
		{973D3E16-D7C6-4A9D-B946-7E3B8CC73514}.Debug|Any CPU.Build.0 = Debug|Any CPU
		{973D3E16-D7C6-4A9D-B946-7E3B8CC73514}.Release|Any CPU.ActiveCfg = Release|Any CPU
		{973D3E16-D7C6-4A9D-B946-7E3B8CC73514}.Release|Any CPU.Build.0 = Release|Any CPU
	EndGlobalSection
	GlobalSection(SolutionProperties) = preSolution
		HideSolutionNode = FALSE
	EndGlobalSection
	GlobalSection(ExtensibilityGlobals) = postSolution
		SolutionGuid = {52F60F33-556C-4B10-BBA9-D9895AEEBF6B}
	EndGlobalSection
EndGlobal
